// !$*UTF8*$!
{
	archiveVersion = 1;
	classes = {
	};
	objectVersion = 77;
	objects = {

/* Begin PBXBuildFile section */
		9C88202D2E7A228600209F8C /* .gitignore in Resources */ = {isa = PBXBuildFile; fileRef = 9C88202C2E7A227E00209F8C /* .gitignore */; };
		9C8820302E7A22EE00209F8C /* readme.md in Resources */ = {isa = PBXBuildFile; fileRef = 9C88202E2E7A22E800209F8C /* readme.md */; };
/* End PBXBuildFile section */

/* Begin PBXContainerItemProxy section */
		9C6DE49A2E72BD57000F23B3 /* PBXContainerItemProxy */ = {
			isa = PBXContainerItemProxy;
			containerPortal = 9C6DE4842E72BD52000F23B3 /* Project object */;
			proxyType = 1;
			remoteGlobalIDString = 9C6DE48B2E72BD52000F23B3;
			remoteInfo = NearChat;
		};
		9C6DE4A42E72BD57000F23B3 /* PBXContainerItemProxy */ = {
			isa = PBXContainerItemProxy;
			containerPortal = 9C6DE4842E72BD52000F23B3 /* Project object */;
			proxyType = 1;
			remoteGlobalIDString = 9C6DE48B2E72BD52000F23B3;
			remoteInfo = NearChat;
		};
/* End PBXContainerItemProxy section */

/* Begin PBXFileReference section */
		9C6DE48C2E72BD52000F23B3 /* NearChat.app */ = {isa = PBXFileReference; explicitFileType = wrapper.application; includeInIndex = 0; path = NearChat.app; sourceTree = BUILT_PRODUCTS_DIR; };
		9C6DE4992E72BD57000F23B3 /* NearChatTests.xctest */ = {isa = PBXFileReference; explicitFileType = wrapper.cfbundle; includeInIndex = 0; path = NearChatTests.xctest; sourceTree = BUILT_PRODUCTS_DIR; };
		9C6DE4A32E72BD57000F23B3 /* NearChatUITests.xctest */ = {isa = PBXFileReference; explicitFileType = wrapper.cfbundle; includeInIndex = 0; path = NearChatUITests.xctest; sourceTree = BUILT_PRODUCTS_DIR; };
		9C88202C2E7A227E00209F8C /* .gitignore */ = {isa = PBXFileReference; lastKnownFileType = text; path = .gitignore; sourceTree = "<group>"; };
		9C88202E2E7A22E800209F8C /* readme.md */ = {isa = PBXFileReference; lastKnownFileType = net.daringfireball.markdown; path = readme.md; sourceTree = "<group>"; };
/* End PBXFileReference section */

/* Begin PBXFileSystemSynchronizedRootGroup section */
		9C6DE48E2E72BD52000F23B3 /* NearChat */ = {
			isa = PBXFileSystemSynchronizedRootGroup;
			path = NearChat;
			sourceTree = "<group>";
		};
		9C6DE49C2E72BD57000F23B3 /* NearChatTests */ = {
			isa = PBXFileSystemSynchronizedRootGroup;
			path = NearChatTests;
			sourceTree = "<group>";
		};
		9C6DE4A62E72BD57000F23B3 /* NearChatUITests */ = {
			isa = PBXFileSystemSynchronizedRootGroup;
			path = NearChatUITests;
			sourceTree = "<group>";
		};
		9C8820312E7A244300209F8C /* assets */ = {
			isa = PBXFileSystemSynchronizedRootGroup;
			path = assets;
			sourceTree = "<group>";
		};
/* End PBXFileSystemSynchronizedRootGroup section */

/* Begin PBXFrameworksBuildPhase section */
		9C6DE4892E72BD52000F23B3 /* Frameworks */ = {
			isa = PBXFrameworksBuildPhase;
			buildActionMask = 2147483647;
			files = (
			);
			runOnlyForDeploymentPostprocessing = 0;
		};
		9C6DE4962E72BD57000F23B3 /* Frameworks */ = {
			isa = PBXFrameworksBuildPhase;
			buildActionMask = 2147483647;
			files = (
			);
			runOnlyForDeploymentPostprocessing = 0;
		};
		9C6DE4A02E72BD57000F23B3 /* Frameworks */ = {
			isa = PBXFrameworksBuildPhase;
			buildActionMask = 2147483647;
			files = (
			);
			runOnlyForDeploymentPostprocessing = 0;
		};
/* End PBXFrameworksBuildPhase section */

/* Begin PBXGroup section */
		9C6DE4832E72BD52000F23B3 = {
			isa = PBXGroup;
			children = (
				9C6DE48E2E72BD52000F23B3 /* NearChat */,
				9C6DE49C2E72BD57000F23B3 /* NearChatTests */,
				9C6DE4A62E72BD57000F23B3 /* NearChatUITests */,
				9C6DE48D2E72BD52000F23B3 /* Products */,
				9C88202C2E7A227E00209F8C /* .gitignore */,
				9C88202E2E7A22E800209F8C /* readme.md */,
				9C8820312E7A244300209F8C /* assets */,
			);
			sourceTree = "<group>";
		};
		9C6DE48D2E72BD52000F23B3 /* Products */ = {
			isa = PBXGroup;
			children = (
				9C6DE48C2E72BD52000F23B3 /* NearChat.app */,
				9C6DE4992E72BD57000F23B3 /* NearChatTests.xctest */,
				9C6DE4A32E72BD57000F23B3 /* NearChatUITests.xctest */,
			);
			name = Products;
			sourceTree = "<group>";
		};
/* End PBXGroup section */

/* Begin PBXNativeTarget section */
		9C6DE48B2E72BD52000F23B3 /* NearChat */ = {
			isa = PBXNativeTarget;
			buildConfigurationList = 9C6DE4AD2E72BD57000F23B3 /* Build configuration list for PBXNativeTarget "NearChat" */;
			buildPhases = (
				9C6DE4882E72BD52000F23B3 /* Sources */,
				9C6DE4892E72BD52000F23B3 /* Frameworks */,
				9C6DE48A2E72BD52000F23B3 /* Resources */,
			);
			buildRules = (
			);
			dependencies = (
			);
			fileSystemSynchronizedGroups = (
				9C6DE48E2E72BD52000F23B3 /* NearChat */,
				9C8820312E7A244300209F8C /* assets */,
			);
			name = NearChat;
			packageProductDependencies = (
			);
			productName = NearChat;
			productReference = 9C6DE48C2E72BD52000F23B3 /* NearChat.app */;
			productType = "com.apple.product-type.application";
		};
		9C6DE4982E72BD57000F23B3 /* NearChatTests */ = {
			isa = PBXNativeTarget;
			buildConfigurationList = 9C6DE4B02E72BD57000F23B3 /* Build configuration list for PBXNativeTarget "NearChatTests" */;
			buildPhases = (
				9C6DE4952E72BD57000F23B3 /* Sources */,
				9C6DE4962E72BD57000F23B3 /* Frameworks */,
				9C6DE4972E72BD57000F23B3 /* Resources */,
			);
			buildRules = (
			);
			dependencies = (
				9C6DE49B2E72BD57000F23B3 /* PBXTargetDependency */,
			);
			fileSystemSynchronizedGroups = (
				9C6DE49C2E72BD57000F23B3 /* NearChatTests */,
			);
			name = NearChatTests;
			packageProductDependencies = (
			);
			productName = NearChatTests;
			productReference = 9C6DE4992E72BD57000F23B3 /* NearChatTests.xctest */;
			productType = "com.apple.product-type.bundle.unit-test";
		};
		9C6DE4A22E72BD57000F23B3 /* NearChatUITests */ = {
			isa = PBXNativeTarget;
			buildConfigurationList = 9C6DE4B32E72BD57000F23B3 /* Build configuration list for PBXNativeTarget "NearChatUITests" */;
			buildPhases = (
				9C6DE49F2E72BD57000F23B3 /* Sources */,
				9C6DE4A02E72BD57000F23B3 /* Frameworks */,
				9C6DE4A12E72BD57000F23B3 /* Resources */,
			);
			buildRules = (
			);
			dependencies = (
				9C6DE4A52E72BD57000F23B3 /* PBXTargetDependency */,
			);
			fileSystemSynchronizedGroups = (
				9C6DE4A62E72BD57000F23B3 /* NearChatUITests */,
			);
			name = NearChatUITests;
			packageProductDependencies = (
			);
			productName = NearChatUITests;
			productReference = 9C6DE4A32E72BD57000F23B3 /* NearChatUITests.xctest */;
			productType = "com.apple.product-type.bundle.ui-testing";
		};
/* End PBXNativeTarget section */

/* Begin PBXProject section */
		9C6DE4842E72BD52000F23B3 /* Project object */ = {
			isa = PBXProject;
			attributes = {
				BuildIndependentTargetsInParallel = 1;
				LastSwiftUpdateCheck = 1640;
				LastUpgradeCheck = 1640;
				TargetAttributes = {
					9C6DE48B2E72BD52000F23B3 = {
						CreatedOnToolsVersion = 16.4;
					};
					9C6DE4982E72BD57000F23B3 = {
						CreatedOnToolsVersion = 16.4;
						TestTargetID = 9C6DE48B2E72BD52000F23B3;
					};
					9C6DE4A22E72BD57000F23B3 = {
						CreatedOnToolsVersion = 16.4;
						TestTargetID = 9C6DE48B2E72BD52000F23B3;
					};
				};
			};
			buildConfigurationList = 9C6DE4872E72BD52000F23B3 /* Build configuration list for PBXProject "NearChat" */;
			developmentRegion = en;
			hasScannedForEncodings = 0;
			knownRegions = (
				en,
				Base,
			);
			mainGroup = 9C6DE4832E72BD52000F23B3;
			minimizedProjectReferenceProxies = 1;
			preferredProjectObjectVersion = 77;
			productRefGroup = 9C6DE48D2E72BD52000F23B3 /* Products */;
			projectDirPath = "";
			projectRoot = "";
			targets = (
				9C6DE48B2E72BD52000F23B3 /* NearChat */,
				9C6DE4982E72BD57000F23B3 /* NearChatTests */,
				9C6DE4A22E72BD57000F23B3 /* NearChatUITests */,
			);
		};
/* End PBXProject section */

/* Begin PBXResourcesBuildPhase section */
		9C6DE48A2E72BD52000F23B3 /* Resources */ = {
			isa = PBXResourcesBuildPhase;
			buildActionMask = 2147483647;
			files = (
				9C88202D2E7A228600209F8C /* .gitignore in Resources */,
			);
			runOnlyForDeploymentPostprocessing = 0;
		};
		9C6DE4972E72BD57000F23B3 /* Resources */ = {
			isa = PBXResourcesBuildPhase;
			buildActionMask = 2147483647;
			files = (
				9C8820302E7A22EE00209F8C /* readme.md in Resources */,
			);
			runOnlyForDeploymentPostprocessing = 0;
		};
		9C6DE4A12E72BD57000F23B3 /* Resources */ = {
			isa = PBXResourcesBuildPhase;
			buildActionMask = 2147483647;
			files = (
			);
			runOnlyForDeploymentPostprocessing = 0;
		};
/* End PBXResourcesBuildPhase section */

/* Begin PBXSourcesBuildPhase section */
		9C6DE4882E72BD52000F23B3 /* Sources */ = {
			isa = PBXSourcesBuildPhase;
			buildActionMask = 2147483647;
			files = (
			);
			runOnlyForDeploymentPostprocessing = 0;
		};
		9C6DE4952E72BD57000F23B3 /* Sources */ = {
			isa = PBXSourcesBuildPhase;
			buildActionMask = 2147483647;
			files = (
			);
			runOnlyForDeploymentPostprocessing = 0;
		};
		9C6DE49F2E72BD57000F23B3 /* Sources */ = {
			isa = PBXSourcesBuildPhase;
			buildActionMask = 2147483647;
			files = (
			);
			runOnlyForDeploymentPostprocessing = 0;
		};
/* End PBXSourcesBuildPhase section */

/* Begin PBXTargetDependency section */
		9C6DE49B2E72BD57000F23B3 /* PBXTargetDependency */ = {
			isa = PBXTargetDependency;
			target = 9C6DE48B2E72BD52000F23B3 /* NearChat */;
			targetProxy = 9C6DE49A2E72BD57000F23B3 /* PBXContainerItemProxy */;
		};
		9C6DE4A52E72BD57000F23B3 /* PBXTargetDependency */ = {
			isa = PBXTargetDependency;
			target = 9C6DE48B2E72BD52000F23B3 /* NearChat */;
			targetProxy = 9C6DE4A42E72BD57000F23B3 /* PBXContainerItemProxy */;
		};
/* End PBXTargetDependency section */

/* Begin XCBuildConfiguration section */
		9C6DE4AB2E72BD57000F23B3 /* Debug */ = {
			isa = XCBuildConfiguration;
			buildSettings = {
				ALWAYS_SEARCH_USER_PATHS = NO;
				ASSETCATALOG_COMPILER_GENERATE_SWIFT_ASSET_SYMBOL_EXTENSIONS = YES;
				CLANG_ANALYZER_NONNULL = YES;
				CLANG_ANALYZER_NUMBER_OBJECT_CONVERSION = YES_AGGRESSIVE;
				CLANG_CXX_LANGUAGE_STANDARD = "gnu++20";
				CLANG_ENABLE_MODULES = YES;
				CLANG_ENABLE_OBJC_ARC = YES;
				CLANG_ENABLE_OBJC_WEAK = YES;
				CLANG_WARN_BLOCK_CAPTURE_AUTORELEASING = YES;
				CLANG_WARN_BOOL_CONVERSION = YES;
				CLANG_WARN_COMMA = YES;
				CLANG_WARN_CONSTANT_CONVERSION = YES;
				CLANG_WARN_DEPRECATED_OBJC_IMPLEMENTATIONS = YES;
				CLANG_WARN_DIRECT_OBJC_ISA_USAGE = YES_ERROR;
				CLANG_WARN_DOCUMENTATION_COMMENTS = YES;
				CLANG_WARN_EMPTY_BODY = YES;
				CLANG_WARN_ENUM_CONVERSION = YES;
				CLANG_WARN_INFINITE_RECURSION = YES;
				CLANG_WARN_INT_CONVERSION = YES;
				CLANG_WARN_NON_LITERAL_NULL_CONVERSION = YES;
				CLANG_WARN_OBJC_IMPLICIT_RETAIN_SELF = YES;
				CLANG_WARN_OBJC_LITERAL_CONVERSION = YES;
				CLANG_WARN_OBJC_ROOT_CLASS = YES_ERROR;
				CLANG_WARN_QUOTED_INCLUDE_IN_FRAMEWORK_HEADER = YES;
				CLANG_WARN_RANGE_LOOP_ANALYSIS = YES;
				CLANG_WARN_STRICT_PROTOTYPES = YES;
				CLANG_WARN_SUSPICIOUS_MOVE = YES;
				CLANG_WARN_UNGUARDED_AVAILABILITY = YES_AGGRESSIVE;
				CLANG_WARN_UNREACHABLE_CODE = YES;
				CLANG_WARN__DUPLICATE_METHOD_MATCH = YES;
				COPY_PHASE_STRIP = NO;
				DEBUG_INFORMATION_FORMAT = dwarf;
				DEVELOPMENT_TEAM = 646KSFTWK6;
				ENABLE_STRICT_OBJC_MSGSEND = YES;
				ENABLE_TESTABILITY = YES;
				ENABLE_USER_SCRIPT_SANDBOXING = YES;
				GCC_C_LANGUAGE_STANDARD = gnu17;
				GCC_DYNAMIC_NO_PIC = NO;
				GCC_NO_COMMON_BLOCKS = YES;
				GCC_OPTIMIZATION_LEVEL = 0;
				GCC_PREPROCESSOR_DEFINITIONS = (
					"DEBUG=1",
					"$(inherited)",
				);
				GCC_WARN_64_TO_32_BIT_CONVERSION = YES;
				GCC_WARN_ABOUT_RETURN_TYPE = YES_ERROR;
				GCC_WARN_UNDECLARED_SELECTOR = YES;
				GCC_WARN_UNINITIALIZED_AUTOS = YES_AGGRESSIVE;
				GCC_WARN_UNUSED_FUNCTION = YES;
				GCC_WARN_UNUSED_VARIABLE = YES;
				IPHONEOS_DEPLOYMENT_TARGET = 18.5;
				LOCALIZATION_PREFERS_STRING_CATALOGS = YES;
				MTL_ENABLE_DEBUG_INFO = INCLUDE_SOURCE;
				MTL_FAST_MATH = YES;
				ONLY_ACTIVE_ARCH = YES;
				SDKROOT = iphoneos;
				SWIFT_ACTIVE_COMPILATION_CONDITIONS = "DEBUG $(inherited)";
				SWIFT_OPTIMIZATION_LEVEL = "-Onone";
			};
			name = Debug;
		};
		9C6DE4AC2E72BD57000F23B3 /* Release */ = {
			isa = XCBuildConfiguration;
			buildSettings = {
				ALWAYS_SEARCH_USER_PATHS = NO;
				ASSETCATALOG_COMPILER_GENERATE_SWIFT_ASSET_SYMBOL_EXTENSIONS = YES;
				CLANG_ANALYZER_NONNULL = YES;
				CLANG_ANALYZER_NUMBER_OBJECT_CONVERSION = YES_AGGRESSIVE;
				CLANG_CXX_LANGUAGE_STANDARD = "gnu++20";
				CLANG_ENABLE_MODULES = YES;
				CLANG_ENABLE_OBJC_ARC = YES;
				CLANG_ENABLE_OBJC_WEAK = YES;
				CLANG_WARN_BLOCK_CAPTURE_AUTORELEASING = YES;
				CLANG_WARN_BOOL_CONVERSION = YES;
				CLANG_WARN_COMMA = YES;
				CLANG_WARN_CONSTANT_CONVERSION = YES;
				CLANG_WARN_DEPRECATED_OBJC_IMPLEMENTATIONS = YES;
				CLANG_WARN_DIRECT_OBJC_ISA_USAGE = YES_ERROR;
				CLANG_WARN_DOCUMENTATION_COMMENTS = YES;
				CLANG_WARN_EMPTY_BODY = YES;
				CLANG_WARN_ENUM_CONVERSION = YES;
				CLANG_WARN_INFINITE_RECURSION = YES;
				CLANG_WARN_INT_CONVERSION = YES;
				CLANG_WARN_NON_LITERAL_NULL_CONVERSION = YES;
				CLANG_WARN_OBJC_IMPLICIT_RETAIN_SELF = YES;
				CLANG_WARN_OBJC_LITERAL_CONVERSION = YES;
				CLANG_WARN_OBJC_ROOT_CLASS = YES_ERROR;
				CLANG_WARN_QUOTED_INCLUDE_IN_FRAMEWORK_HEADER = YES;
				CLANG_WARN_RANGE_LOOP_ANALYSIS = YES;
				CLANG_WARN_STRICT_PROTOTYPES = YES;
				CLANG_WARN_SUSPICIOUS_MOVE = YES;
				CLANG_WARN_UNGUARDED_AVAILABILITY = YES_AGGRESSIVE;
				CLANG_WARN_UNREACHABLE_CODE = YES;
				CLANG_WARN__DUPLICATE_METHOD_MATCH = YES;
				COPY_PHASE_STRIP = NO;
				DEBUG_INFORMATION_FORMAT = "dwarf-with-dsym";
				DEVELOPMENT_TEAM = 646KSFTWK6;
				ENABLE_NS_ASSERTIONS = NO;
				ENABLE_STRICT_OBJC_MSGSEND = YES;
				ENABLE_USER_SCRIPT_SANDBOXING = YES;
				GCC_C_LANGUAGE_STANDARD = gnu17;
				GCC_NO_COMMON_BLOCKS = YES;
				GCC_WARN_64_TO_32_BIT_CONVERSION = YES;
				GCC_WARN_ABOUT_RETURN_TYPE = YES_ERROR;
				GCC_WARN_UNDECLARED_SELECTOR = YES;
				GCC_WARN_UNINITIALIZED_AUTOS = YES_AGGRESSIVE;
				GCC_WARN_UNUSED_FUNCTION = YES;
				GCC_WARN_UNUSED_VARIABLE = YES;
				IPHONEOS_DEPLOYMENT_TARGET = 18.5;
				LOCALIZATION_PREFERS_STRING_CATALOGS = YES;
				MTL_ENABLE_DEBUG_INFO = NO;
				MTL_FAST_MATH = YES;
				SDKROOT = iphoneos;
				SWIFT_COMPILATION_MODE = wholemodule;
				VALIDATE_PRODUCT = YES;
			};
			name = Release;
		};
		9C6DE4AE2E72BD57000F23B3 /* Debug */ = {
			isa = XCBuildConfiguration;
			buildSettings = {
				ASSETCATALOG_COMPILER_APPICON_NAME = AppIcon;
				ASSETCATALOG_COMPILER_GLOBAL_ACCENT_COLOR_NAME = AccentColor;
				CODE_SIGN_STYLE = Automatic;
				CURRENT_PROJECT_VERSION = 1;
				DEVELOPMENT_TEAM = 646KSFTWK6;
				ENABLE_PREVIEWS = YES;
				GENERATE_INFOPLIST_FILE = YES;
				INFOPLIST_KEY_UIApplicationSceneManifest_Generation = YES;
				INFOPLIST_KEY_UIApplicationSupportsIndirectInputEvents = YES;
				INFOPLIST_KEY_UILaunchScreen_Generation = YES;
				INFOPLIST_KEY_UISupportedInterfaceOrientations_iPad = "UIInterfaceOrientationPortrait UIInterfaceOrientationPortraitUpsideDown UIInterfaceOrientationLandscapeLeft UIInterfaceOrientationLandscapeRight";
				INFOPLIST_KEY_UISupportedInterfaceOrientations_iPhone = "UIInterfaceOrientationPortrait UIInterfaceOrientationLandscapeLeft UIInterfaceOrientationLandscapeRight";
				LD_RUNPATH_SEARCH_PATHS = (
					"$(inherited)",
					"@executable_path/Frameworks",
				);
				MARKETING_VERSION = 1.0;
				PRODUCT_BUNDLE_IDENTIFIER = dogymem.NearChat;
				PRODUCT_NAME = "$(TARGET_NAME)";
				SWIFT_EMIT_LOC_STRINGS = YES;
				SWIFT_VERSION = 5.0;
				TARGETED_DEVICE_FAMILY = "1,2";
			};
			name = Debug;
		};
		9C6DE4AF2E72BD57000F23B3 /* Release */ = {
			isa = XCBuildConfiguration;
			buildSettings = {
				ASSETCATALOG_COMPILER_APPICON_NAME = AppIcon;
				ASSETCATALOG_COMPILER_GLOBAL_ACCENT_COLOR_NAME = AccentColor;
				CODE_SIGN_STYLE = Automatic;
				CURRENT_PROJECT_VERSION = 1;
				DEVELOPMENT_TEAM = 646KSFTWK6;
				ENABLE_PREVIEWS = YES;
				GENERATE_INFOPLIST_FILE = YES;
				INFOPLIST_KEY_UIApplicationSceneManifest_Generation = YES;
				INFOPLIST_KEY_UIApplicationSupportsIndirectInputEvents = YES;
				INFOPLIST_KEY_UILaunchScreen_Generation = YES;
				INFOPLIST_KEY_UISupportedInterfaceOrientations_iPad = "UIInterfaceOrientationPortrait UIInterfaceOrientationPortraitUpsideDown UIInterfaceOrientationLandscapeLeft UIInterfaceOrientationLandscapeRight";
				INFOPLIST_KEY_UISupportedInterfaceOrientations_iPhone = "UIInterfaceOrientationPortrait UIInterfaceOrientationLandscapeLeft UIInterfaceOrientationLandscapeRight";
				LD_RUNPATH_SEARCH_PATHS = (
					"$(inherited)",
					"@executable_path/Frameworks",
				);
				MARKETING_VERSION = 1.0;
				PRODUCT_BUNDLE_IDENTIFIER = dogymem.NearChat;
				PRODUCT_NAME = "$(TARGET_NAME)";
				SWIFT_EMIT_LOC_STRINGS = YES;
				SWIFT_VERSION = 5.0;
				TARGETED_DEVICE_FAMILY = "1,2";
			};
			name = Release;
		};
		9C6DE4B12E72BD57000F23B3 /* Debug */ = {
			isa = XCBuildConfiguration;
			buildSettings = {
				BUNDLE_LOADER = "$(TEST_HOST)";
				CODE_SIGN_STYLE = Automatic;
				CURRENT_PROJECT_VERSION = 1;
				DEVELOPMENT_TEAM = 646KSFTWK6;
				GENERATE_INFOPLIST_FILE = YES;
				IPHONEOS_DEPLOYMENT_TARGET = 18.5;
				MARKETING_VERSION = 1.0;
				PRODUCT_BUNDLE_IDENTIFIER = dogymem.NearChatTests;
				PRODUCT_NAME = "$(TARGET_NAME)";
				SWIFT_EMIT_LOC_STRINGS = NO;
				SWIFT_VERSION = 5.0;
				TARGETED_DEVICE_FAMILY = "1,2";
				TEST_HOST = "$(BUILT_PRODUCTS_DIR)/NearChat.app/$(BUNDLE_EXECUTABLE_FOLDER_PATH)/NearChat";
			};
			name = Debug;
		};
		9C6DE4B22E72BD57000F23B3 /* Release */ = {
			isa = XCBuildConfiguration;
			buildSettings = {
				BUNDLE_LOADER = "$(TEST_HOST)";
				CODE_SIGN_STYLE = Automatic;
				CURRENT_PROJECT_VERSION = 1;
				DEVELOPMENT_TEAM = 646KSFTWK6;
				GENERATE_INFOPLIST_FILE = YES;
				IPHONEOS_DEPLOYMENT_TARGET = 18.5;
				MARKETING_VERSION = 1.0;
				PRODUCT_BUNDLE_IDENTIFIER = dogymem.NearChatTests;
				PRODUCT_NAME = "$(TARGET_NAME)";
				SWIFT_EMIT_LOC_STRINGS = NO;
				SWIFT_VERSION = 5.0;
				TARGETED_DEVICE_FAMILY = "1,2";
				TEST_HOST = "$(BUILT_PRODUCTS_DIR)/NearChat.app/$(BUNDLE_EXECUTABLE_FOLDER_PATH)/NearChat";
			};
			name = Release;
		};
		9C6DE4B42E72BD57000F23B3 /* Debug */ = {
			isa = XCBuildConfiguration;
			buildSettings = {
				CODE_SIGN_STYLE = Automatic;
				CURRENT_PROJECT_VERSION = 1;
				DEVELOPMENT_TEAM = 646KSFTWK6;
				GENERATE_INFOPLIST_FILE = YES;
				MARKETING_VERSION = 1.0;
				PRODUCT_BUNDLE_IDENTIFIER = dogymem.NearChatUITests;
				PRODUCT_NAME = "$(TARGET_NAME)";
				SWIFT_EMIT_LOC_STRINGS = NO;
				SWIFT_VERSION = 5.0;
				TARGETED_DEVICE_FAMILY = "1,2";
				TEST_TARGET_NAME = NearChat;
			};
			name = Debug;
		};
		9C6DE4B52E72BD57000F23B3 /* Release */ = {
			isa = XCBuildConfiguration;
			buildSettings = {
				CODE_SIGN_STYLE = Automatic;
				CURRENT_PROJECT_VERSION = 1;
				DEVELOPMENT_TEAM = 646KSFTWK6;
				GENERATE_INFOPLIST_FILE = YES;
				MARKETING_VERSION = 1.0;
				PRODUCT_BUNDLE_IDENTIFIER = dogymem.NearChatUITests;
				PRODUCT_NAME = "$(TARGET_NAME)";
				SWIFT_EMIT_LOC_STRINGS = NO;
				SWIFT_VERSION = 5.0;
				TARGETED_DEVICE_FAMILY = "1,2";
				TEST_TARGET_NAME = NearChat;
			};
			name = Release;
		};
/* End XCBuildConfiguration section */

/* Begin XCConfigurationList section */
		9C6DE4872E72BD52000F23B3 /* Build configuration list for PBXProject "NearChat" */ = {
			isa = XCConfigurationList;
			buildConfigurations = (
				9C6DE4AB2E72BD57000F23B3 /* Debug */,
				9C6DE4AC2E72BD57000F23B3 /* Release */,
			);
			defaultConfigurationIsVisible = 0;
			defaultConfigurationName = Release;
		};
		9C6DE4AD2E72BD57000F23B3 /* Build configuration list for PBXNativeTarget "NearChat" */ = {
			isa = XCConfigurationList;
			buildConfigurations = (
				9C6DE4AE2E72BD57000F23B3 /* Debug */,
				9C6DE4AF2E72BD57000F23B3 /* Release */,
			);
			defaultConfigurationIsVisible = 0;
			defaultConfigurationName = Release;
		};
		9C6DE4B02E72BD57000F23B3 /* Build configuration list for PBXNativeTarget "NearChatTests" */ = {
			isa = XCConfigurationList;
			buildConfigurations = (
				9C6DE4B12E72BD57000F23B3 /* Debug */,
				9C6DE4B22E72BD57000F23B3 /* Release */,
			);
			defaultConfigurationIsVisible = 0;
			defaultConfigurationName = Release;
		};
		9C6DE4B32E72BD57000F23B3 /* Build configuration list for PBXNativeTarget "NearChatUITests" */ = {
			isa = XCConfigurationList;
			buildConfigurations = (
				9C6DE4B42E72BD57000F23B3 /* Debug */,
				9C6DE4B52E72BD57000F23B3 /* Release */,
			);
			defaultConfigurationIsVisible = 0;
			defaultConfigurationName = Release;
		};
/* End XCConfigurationList section */
	};
	rootObject = 9C6DE4842E72BD52000F23B3 /* Project object */;
}
