// !$*UTF8*$!
{
	archiveVersion = 1;
	classes = {
	};
	objectVersion = 56;
	objects = {

/* Begin PBXBuildFile section */
		9C4CEB562E96F45E00700193 /* SettingsView.swift in Sources */ = {isa = PBXBuildFile; fileRef = 9C4CEB532E96F45E00700193 /* SettingsView.swift */; };
		9C4CEB572E96F45E00700193 /* AppState.swift in Sources */ = {isa = PBXBuildFile; fileRef = 9C4CEB542E96F45E00700193 /* AppState.swift */; };
		9C4CEB582E96F45E00700193 /* ChatView.swift in Sources */ = {isa = PBXBuildFile; fileRef = 9C4CEB552E96F45E00700193 /* ChatView.swift */; };
		9C4CEB5A2E96FD2700700193 /* TCPManager.swift in Sources */ = {isa = PBXBuildFile; fileRef = 9C4CEB592E96FD2700700193 /* TCPManager.swift */; };
		9C4F4CE42E96EEDB0022909C /* NearChatApp.swift in Sources */ = {isa = PBXBuildFile; fileRef = 9C4F4CE32E96EEDB0022909C /* NearChatApp.swift */; };
		9C4F4CE62E96EEDB0022909C /* ContentView.swift in Sources */ = {isa = PBXBuildFile; fileRef = 9C4F4CE52E96EEDB0022909C /* ContentView.swift */; };
		9C4F4CE82E96EEDD0022909C /* Assets.xcassets in Resources */ = {isa = PBXBuildFile; fileRef = 9C4F4CE72E96EEDD0022909C /* Assets.xcassets */; };
		9C4F4CEB2E96EEDD0022909C /* Preview Assets.xcassets in Resources */ = {isa = PBXBuildFile; fileRef = 9C4F4CEA2E96EEDD0022909C /* Preview Assets.xcassets */; };
		9C4F4CF52E96EEDD0022909C /* NearChatTests.swift in Sources */ = {isa = PBXBuildFile; fileRef = 9C4F4CF42E96EEDD0022909C /* NearChatTests.swift */; };
		9C4F4CFF2E96EEDE0022909C /* NearChatUITests.swift in Sources */ = {isa = PBXBuildFile; fileRef = 9C4F4CFE2E96EEDE0022909C /* NearChatUITests.swift */; };
		9C4F4D012E96EEDE0022909C /* NearChatUITestsLaunchTests.swift in Sources */ = {isa = PBXBuildFile; fileRef = 9C4F4D002E96EEDE0022909C /* NearChatUITestsLaunchTests.swift */; };
/* End PBXBuildFile section */

/* Begin PBXContainerItemProxy section */
		9C4F4CF12E96EEDD0022909C /* PBXContainerItemProxy */ = {
			isa = PBXContainerItemProxy;
			containerPortal = 9C4F4CD82E96EEDB0022909C /* Project object */;
			proxyType = 1;
			remoteGlobalIDString = 9C4F4CDF2E96EEDB0022909C;
			remoteInfo = NearChat;
		};
		9C4F4CFB2E96EEDE0022909C /* PBXContainerItemProxy */ = {
			isa = PBXContainerItemProxy;
			containerPortal = 9C4F4CD82E96EEDB0022909C /* Project object */;
			proxyType = 1;
			remoteGlobalIDString = 9C4F4CDF2E96EEDB0022909C;
			remoteInfo = NearChat;
		};
/* End PBXContainerItemProxy section */

/* Begin PBXFileReference section */
		9C4CEB532E96F45E00700193 /* SettingsView.swift */ = {isa = PBXFileReference; fileEncoding = 4; lastKnownFileType = sourcecode.swift; path = SettingsView.swift; sourceTree = "<group>"; };
		9C4CEB542E96F45E00700193 /* AppState.swift */ = {isa = PBXFileReference; fileEncoding = 4; lastKnownFileType = sourcecode.swift; path = AppState.swift; sourceTree = "<group>"; };
		9C4CEB552E96F45E00700193 /* ChatView.swift */ = {isa = PBXFileReference; fileEncoding = 4; lastKnownFileType = sourcecode.swift; path = ChatView.swift; sourceTree = "<group>"; };
		9C4CEB592E96FD2700700193 /* TCPManager.swift */ = {isa = PBXFileReference; lastKnownFileType = sourcecode.swift; path = TCPManager.swift; sourceTree = "<group>"; };
		9C4F4CE02E96EEDB0022909C /* NearChat.app */ = {isa = PBXFileReference; explicitFileType = wrapper.application; includeInIndex = 0; path = NearChat.app; sourceTree = BUILT_PRODUCTS_DIR; };
		9C4F4CE32E96EEDB0022909C /* NearChatApp.swift */ = {isa = PBXFileReference; lastKnownFileType = sourcecode.swift; path = NearChatApp.swift; sourceTree = "<group>"; };
		9C4F4CE52E96EEDB0022909C /* ContentView.swift */ = {isa = PBXFileReference; lastKnownFileType = sourcecode.swift; path = ContentView.swift; sourceTree = "<group>"; };
		9C4F4CE72E96EEDD0022909C /* Assets.xcassets */ = {isa = PBXFileReference; lastKnownFileType = folder.assetcatalog; path = Assets.xcassets; sourceTree = "<group>"; };
		9C4F4CEA2E96EEDD0022909C /* Preview Assets.xcassets */ = {isa = PBXFileReference; lastKnownFileType = folder.assetcatalog; path = "Preview Assets.xcassets"; sourceTree = "<group>"; };
		9C4F4CF02E96EEDD0022909C /* NearChatTests.xctest */ = {isa = PBXFileReference; explicitFileType = wrapper.cfbundle; includeInIndex = 0; path = NearChatTests.xctest; sourceTree = BUILT_PRODUCTS_DIR; };
		9C4F4CF42E96EEDD0022909C /* NearChatTests.swift */ = {isa = PBXFileReference; lastKnownFileType = sourcecode.swift; path = NearChatTests.swift; sourceTree = "<group>"; };
		9C4F4CFA2E96EEDE0022909C /* NearChatUITests.xctest */ = {isa = PBXFileReference; explicitFileType = wrapper.cfbundle; includeInIndex = 0; path = NearChatUITests.xctest; sourceTree = BUILT_PRODUCTS_DIR; };
		9C4F4CFE2E96EEDE0022909C /* NearChatUITests.swift */ = {isa = PBXFileReference; lastKnownFileType = sourcecode.swift; path = NearChatUITests.swift; sourceTree = "<group>"; };
		9C4F4D002E96EEDE0022909C /* NearChatUITestsLaunchTests.swift */ = {isa = PBXFileReference; lastKnownFileType = sourcecode.swift; path = NearChatUITestsLaunchTests.swift; sourceTree = "<group>"; };
/* End PBXFileReference section */

/* Begin PBXFrameworksBuildPhase section */
		9C4F4CDD2E96EEDB0022909C /* Frameworks */ = {
			isa = PBXFrameworksBuildPhase;
			buildActionMask = 2147483647;
			files = (
			);
			runOnlyForDeploymentPostprocessing = 0;
		};
		9C4F4CED2E96EEDD0022909C /* Frameworks */ = {
			isa = PBXFrameworksBuildPhase;
			buildActionMask = 2147483647;
			files = (
			);
			runOnlyForDeploymentPostprocessing = 0;
		};
		9C4F4CF72E96EEDE0022909C /* Frameworks */ = {
			isa = PBXFrameworksBuildPhase;
			buildActionMask = 2147483647;
			files = (
			);
			runOnlyForDeploymentPostprocessing = 0;
		};
/* End PBXFrameworksBuildPhase section */

/* Begin PBXGroup section */
		9C4F4CD72E96EEDB0022909C = {
			isa = PBXGroup;
			children = (
				9C4F4CE22E96EEDB0022909C /* NearChat */,
				9C4F4CF32E96EEDD0022909C /* NearChatTests */,
				9C4F4CFD2E96EEDE0022909C /* NearChatUITests */,
				9C4F4CE12E96EEDB0022909C /* Products */,
			);
			sourceTree = "<group>";
		};
		9C4F4CE12E96EEDB0022909C /* Products */ = {
			isa = PBXGroup;
			children = (
				9C4F4CE02E96EEDB0022909C /* NearChat.app */,
				9C4F4CF02E96EEDD0022909C /* NearChatTests.xctest */,
				9C4F4CFA2E96EEDE0022909C /* NearChatUITests.xctest */,
			);
			name = Products;
			sourceTree = "<group>";
		};
		9C4F4CE22E96EEDB0022909C /* NearChat */ = {
			isa = PBXGroup;
			children = (
				9C4CEB542E96F45E00700193 /* AppState.swift */,
				9C4CEB592E96FD2700700193 /* TCPManager.swift */,
				9C4CEB552E96F45E00700193 /* ChatView.swift */,
				9C4CEB532E96F45E00700193 /* SettingsView.swift */,
				9C4F4CE32E96EEDB0022909C /* NearChatApp.swift */,
				9C4F4CE52E96EEDB0022909C /* ContentView.swift */,
				9C4F4CE72E96EEDD0022909C /* Assets.xcassets */,
				9C4F4CE92E96EEDD0022909C /* Preview Content */,
			);
			path = NearChat;
			sourceTree = "<group>";
		};
		9C4F4CE92E96EEDD0022909C /* Preview Content */ = {
			isa = PBXGroup;
			children = (
				9C4F4CEA2E96EEDD0022909C /* Preview Assets.xcassets */,
			);
			path = "Preview Content";
			sourceTree = "<group>";
		};
		9C4F4CF32E96EEDD0022909C /* NearChatTests */ = {
			isa = PBXGroup;
			children = (
				9C4F4CF42E96EEDD0022909C /* NearChatTests.swift */,
			);
			path = NearChatTests;
			sourceTree = "<group>";
		};
		9C4F4CFD2E96EEDE0022909C /* NearChatUITests */ = {
			isa = PBXGroup;
			children = (
				9C4F4CFE2E96EEDE0022909C /* NearChatUITests.swift */,
				9C4F4D002E96EEDE0022909C /* NearChatUITestsLaunchTests.swift */,
			);
			path = NearChatUITests;
			sourceTree = "<group>";
		};
/* End PBXGroup section */

/* Begin PBXNativeTarget section */
		9C4F4CDF2E96EEDB0022909C /* NearChat */ = {
			isa = PBXNativeTarget;
			buildConfigurationList = 9C4F4D042E96EEDE0022909C /* Build configuration list for PBXNativeTarget "NearChat" */;
			buildPhases = (
				9C4F4CDC2E96EEDB0022909C /* Sources */,
				9C4F4CDD2E96EEDB0022909C /* Frameworks */,
				9C4F4CDE2E96EEDB0022909C /* Resources */,
			);
			buildRules = (
			);
			dependencies = (
			);
			name = NearChat;
			productName = NearChat;
			productReference = 9C4F4CE02E96EEDB0022909C /* NearChat.app */;
			productType = "com.apple.product-type.application";
		};
		9C4F4CEF2E96EEDD0022909C /* NearChatTests */ = {
			isa = PBXNativeTarget;
			buildConfigurationList = 9C4F4D072E96EEDE0022909C /* Build configuration list for PBXNativeTarget "NearChatTests" */;
			buildPhases = (
				9C4F4CEC2E96EEDD0022909C /* Sources */,
				9C4F4CED2E96EEDD0022909C /* Frameworks */,
				9C4F4CEE2E96EEDD0022909C /* Resources */,
			);
			buildRules = (
			);
			dependencies = (
				9C4F4CF22E96EEDD0022909C /* PBXTargetDependency */,
			);
			name = NearChatTests;
			productName = NearChatTests;
			productReference = 9C4F4CF02E96EEDD0022909C /* NearChatTests.xctest */;
			productType = "com.apple.product-type.bundle.unit-test";
		};
		9C4F4CF92E96EEDE0022909C /* NearChatUITests */ = {
			isa = PBXNativeTarget;
			buildConfigurationList = 9C4F4D0A2E96EEDE0022909C /* Build configuration list for PBXNativeTarget "NearChatUITests" */;
			buildPhases = (
				9C4F4CF62E96EEDE0022909C /* Sources */,
				9C4F4CF72E96EEDE0022909C /* Frameworks */,
				9C4F4CF82E96EEDE0022909C /* Resources */,
			);
			buildRules = (
			);
			dependencies = (
				9C4F4CFC2E96EEDE0022909C /* PBXTargetDependency */,
			);
			name = NearChatUITests;
			productName = NearChatUITests;
			productReference = 9C4F4CFA2E96EEDE0022909C /* NearChatUITests.xctest */;
			productType = "com.apple.product-type.bundle.ui-testing";
		};
/* End PBXNativeTarget section */

/* Begin PBXProject section */
		9C4F4CD82E96EEDB0022909C /* Project object */ = {
			isa = PBXProject;
			attributes = {
				BuildIndependentTargetsInParallel = 1;
				LastSwiftUpdateCheck = 1520;
				LastUpgradeCheck = 1520;
				TargetAttributes = {
					9C4F4CDF2E96EEDB0022909C = {
						CreatedOnToolsVersion = 15.2;
					};
					9C4F4CEF2E96EEDD0022909C = {
						CreatedOnToolsVersion = 15.2;
						TestTargetID = 9C4F4CDF2E96EEDB0022909C;
					};
					9C4F4CF92E96EEDE0022909C = {
						CreatedOnToolsVersion = 15.2;
						TestTargetID = 9C4F4CDF2E96EEDB0022909C;
					};
				};
			};
			buildConfigurationList = 9C4F4CDB2E96EEDB0022909C /* Build configuration list for PBXProject "NearChat" */;
			compatibilityVersion = "Xcode 14.0";
			developmentRegion = en;
			hasScannedForEncodings = 0;
			knownRegions = (
				en,
				Base,
			);
			mainGroup = 9C4F4CD72E96EEDB0022909C;
			productRefGroup = 9C4F4CE12E96EEDB0022909C /* Products */;
			projectDirPath = "";
			projectRoot = "";
			targets = (
				9C4F4CDF2E96EEDB0022909C /* NearChat */,
				9C4F4CEF2E96EEDD0022909C /* NearChatTests */,
				9C4F4CF92E96EEDE0022909C /* NearChatUITests */,
			);
		};
/* End PBXProject section */

/* Begin PBXResourcesBuildPhase section */
		9C4F4CDE2E96EEDB0022909C /* Resources */ = {
			isa = PBXResourcesBuildPhase;
			buildActionMask = 2147483647;
			files = (
				9C4F4CEB2E96EEDD0022909C /* Preview Assets.xcassets in Resources */,
				9C4F4CE82E96EEDD0022909C /* Assets.xcassets in Resources */,
			);
			runOnlyForDeploymentPostprocessing = 0;
		};
		9C4F4CEE2E96EEDD0022909C /* Resources */ = {
			isa = PBXResourcesBuildPhase;
			buildActionMask = 2147483647;
			files = (
			);
			runOnlyForDeploymentPostprocessing = 0;
		};
		9C4F4CF82E96EEDE0022909C /* Resources */ = {
			isa = PBXResourcesBuildPhase;
			buildActionMask = 2147483647;
			files = (
			);
			runOnlyForDeploymentPostprocessing = 0;
		};
/* End PBXResourcesBuildPhase section */

/* Begin PBXSourcesBuildPhase section */
		9C4F4CDC2E96EEDB0022909C /* Sources */ = {
			isa = PBXSourcesBuildPhase;
			buildActionMask = 2147483647;
			files = (
				9C4CEB562E96F45E00700193 /* SettingsView.swift in Sources */,
				9C4CEB5A2E96FD2700700193 /* TCPManager.swift in Sources */,
				9C4F4CE62E96EEDB0022909C /* ContentView.swift in Sources */,
				9C4CEB582E96F45E00700193 /* ChatView.swift in Sources */,
				9C4F4CE42E96EEDB0022909C /* NearChatApp.swift in Sources */,
				9C4CEB572E96F45E00700193 /* AppState.swift in Sources */,
			);
			runOnlyForDeploymentPostprocessing = 0;
		};
		9C4F4CEC2E96EEDD0022909C /* Sources */ = {
			isa = PBXSourcesBuildPhase;
			buildActionMask = 2147483647;
			files = (
				9C4F4CF52E96EEDD0022909C /* NearChatTests.swift in Sources */,
			);
			runOnlyForDeploymentPostprocessing = 0;
		};
		9C4F4CF62E96EEDE0022909C /* Sources */ = {
			isa = PBXSourcesBuildPhase;
			buildActionMask = 2147483647;
			files = (
				9C4F4D012E96EEDE0022909C /* NearChatUITestsLaunchTests.swift in Sources */,
				9C4F4CFF2E96EEDE0022909C /* NearChatUITests.swift in Sources */,
			);
			runOnlyForDeploymentPostprocessing = 0;
		};
/* End PBXSourcesBuildPhase section */

/* Begin PBXTargetDependency section */
		9C4F4CF22E96EEDD0022909C /* PBXTargetDependency */ = {
			isa = PBXTargetDependency;
			target = 9C4F4CDF2E96EEDB0022909C /* NearChat */;
			targetProxy = 9C4F4CF12E96EEDD0022909C /* PBXContainerItemProxy */;
		};
		9C4F4CFC2E96EEDE0022909C /* PBXTargetDependency */ = {
			isa = PBXTargetDependency;
			target = 9C4F4CDF2E96EEDB0022909C /* NearChat */;
			targetProxy = 9C4F4CFB2E96EEDE0022909C /* PBXContainerItemProxy */;
		};
/* End PBXTargetDependency section */

/* Begin XCBuildConfiguration section */
		9C4F4D022E96EEDE0022909C /* Debug */ = {
			isa = XCBuildConfiguration;
			buildSettings = {
				ALWAYS_SEARCH_USER_PATHS = NO;
				ASSETCATALOG_COMPILER_GENERATE_SWIFT_ASSET_SYMBOL_EXTENSIONS = YES;
				CLANG_ANALYZER_NONNULL = YES;
				CLANG_ANALYZER_NUMBER_OBJECT_CONVERSION = YES_AGGRESSIVE;
				CLANG_CXX_LANGUAGE_STANDARD = "gnu++20";
				CLANG_ENABLE_MODULES = YES;
				CLANG_ENABLE_OBJC_ARC = YES;
				CLANG_ENABLE_OBJC_WEAK = YES;
				CLANG_WARN_BLOCK_CAPTURE_AUTORELEASING = YES;
				CLANG_WARN_BOOL_CONVERSION = YES;
				CLANG_WARN_COMMA = YES;
				CLANG_WARN_CONSTANT_CONVERSION = YES;
				CLANG_WARN_DEPRECATED_OBJC_IMPLEMENTATIONS = YES;
				CLANG_WARN_DIRECT_OBJC_ISA_USAGE = YES_ERROR;
				CLANG_WARN_DOCUMENTATION_COMMENTS = YES;
				CLANG_WARN_EMPTY_BODY = YES;
				CLANG_WARN_ENUM_CONVERSION = YES;
				CLANG_WARN_INFINITE_RECURSION = YES;
				CLANG_WARN_INT_CONVERSION = YES;
				CLANG_WARN_NON_LITERAL_NULL_CONVERSION = YES;
				CLANG_WARN_OBJC_IMPLICIT_RETAIN_SELF = YES;
				CLANG_WARN_OBJC_LITERAL_CONVERSION = YES;
				CLANG_WARN_OBJC_ROOT_CLASS = YES_ERROR;
				CLANG_WARN_QUOTED_INCLUDE_IN_FRAMEWORK_HEADER = YES;
				CLANG_WARN_RANGE_LOOP_ANALYSIS = YES;
				CLANG_WARN_STRICT_PROTOTYPES = YES;
				CLANG_WARN_SUSPICIOUS_MOVE = YES;
				CLANG_WARN_UNGUARDED_AVAILABILITY = YES_AGGRESSIVE;
				CLANG_WARN_UNREACHABLE_CODE = YES;
				CLANG_WARN__DUPLICATE_METHOD_MATCH = YES;
				COPY_PHASE_STRIP = NO;
				DEBUG_INFORMATION_FORMAT = dwarf;
				ENABLE_STRICT_OBJC_MSGSEND = YES;
				ENABLE_TESTABILITY = YES;
				ENABLE_USER_SCRIPT_SANDBOXING = YES;
				GCC_C_LANGUAGE_STANDARD = gnu17;
				GCC_DYNAMIC_NO_PIC = NO;
				GCC_NO_COMMON_BLOCKS = YES;
				GCC_OPTIMIZATION_LEVEL = 0;
				GCC_PREPROCESSOR_DEFINITIONS = (
					"DEBUG=1",
					"$(inherited)",
				);
				GCC_WARN_64_TO_32_BIT_CONVERSION = YES;
				GCC_WARN_ABOUT_RETURN_TYPE = YES_ERROR;
				GCC_WARN_UNDECLARED_SELECTOR = YES;
				GCC_WARN_UNINITIALIZED_AUTOS = YES_AGGRESSIVE;
				GCC_WARN_UNUSED_FUNCTION = YES;
				GCC_WARN_UNUSED_VARIABLE = YES;
				IPHONEOS_DEPLOYMENT_TARGET = 17.2;
				LOCALIZATION_PREFERS_STRING_CATALOGS = YES;
				MTL_ENABLE_DEBUG_INFO = INCLUDE_SOURCE;
				MTL_FAST_MATH = YES;
				ONLY_ACTIVE_ARCH = YES;
				SDKROOT = iphoneos;
				SWIFT_ACTIVE_COMPILATION_CONDITIONS = "DEBUG $(inherited)";
				SWIFT_OPTIMIZATION_LEVEL = "-Onone";
			};
			name = Debug;
		};
		9C4F4D032E96EEDE0022909C /* Release */ = {
			isa = XCBuildConfiguration;
			buildSettings = {
				ALWAYS_SEARCH_USER_PATHS = NO;
				ASSETCATALOG_COMPILER_GENERATE_SWIFT_ASSET_SYMBOL_EXTENSIONS = YES;
				CLANG_ANALYZER_NONNULL = YES;
				CLANG_ANALYZER_NUMBER_OBJECT_CONVERSION = YES_AGGRESSIVE;
				CLANG_CXX_LANGUAGE_STANDARD = "gnu++20";
				CLANG_ENABLE_MODULES = YES;
				CLANG_ENABLE_OBJC_ARC = YES;
				CLANG_ENABLE_OBJC_WEAK = YES;
				CLANG_WARN_BLOCK_CAPTURE_AUTORELEASING = YES;
				CLANG_WARN_BOOL_CONVERSION = YES;
				CLANG_WARN_COMMA = YES;
				CLANG_WARN_CONSTANT_CONVERSION = YES;
				CLANG_WARN_DEPRECATED_OBJC_IMPLEMENTATIONS = YES;
				CLANG_WARN_DIRECT_OBJC_ISA_USAGE = YES_ERROR;
				CLANG_WARN_DOCUMENTATION_COMMENTS = YES;
				CLANG_WARN_EMPTY_BODY = YES;
				CLANG_WARN_ENUM_CONVERSION = YES;
				CLANG_WARN_INFINITE_RECURSION = YES;
				CLANG_WARN_INT_CONVERSION = YES;
				CLANG_WARN_NON_LITERAL_NULL_CONVERSION = YES;
				CLANG_WARN_OBJC_IMPLICIT_RETAIN_SELF = YES;
				CLANG_WARN_OBJC_LITERAL_CONVERSION = YES;
				CLANG_WARN_OBJC_ROOT_CLASS = YES_ERROR;
				CLANG_WARN_QUOTED_INCLUDE_IN_FRAMEWORK_HEADER = YES;
				CLANG_WARN_RANGE_LOOP_ANALYSIS = YES;
				CLANG_WARN_STRICT_PROTOTYPES = YES;
				CLANG_WARN_SUSPICIOUS_MOVE = YES;
				CLANG_WARN_UNGUARDED_AVAILABILITY = YES_AGGRESSIVE;
				CLANG_WARN_UNREACHABLE_CODE = YES;
				CLANG_WARN__DUPLICATE_METHOD_MATCH = YES;
				COPY_PHASE_STRIP = NO;
				DEBUG_INFORMATION_FORMAT = "dwarf-with-dsym";
				ENABLE_NS_ASSERTIONS = NO;
				ENABLE_STRICT_OBJC_MSGSEND = YES;
				ENABLE_USER_SCRIPT_SANDBOXING = YES;
				GCC_C_LANGUAGE_STANDARD = gnu17;
				GCC_NO_COMMON_BLOCKS = YES;
				GCC_WARN_64_TO_32_BIT_CONVERSION = YES;
				GCC_WARN_ABOUT_RETURN_TYPE = YES_ERROR;
				GCC_WARN_UNDECLARED_SELECTOR = YES;
				GCC_WARN_UNINITIALIZED_AUTOS = YES_AGGRESSIVE;
				GCC_WARN_UNUSED_FUNCTION = YES;
				GCC_WARN_UNUSED_VARIABLE = YES;
				IPHONEOS_DEPLOYMENT_TARGET = 17.2;
				LOCALIZATION_PREFERS_STRING_CATALOGS = YES;
				MTL_ENABLE_DEBUG_INFO = NO;
				MTL_FAST_MATH = YES;
				SDKROOT = iphoneos;
				SWIFT_COMPILATION_MODE = wholemodule;
				VALIDATE_PRODUCT = YES;
			};
			name = Release;
		};
		9C4F4D052E96EEDE0022909C /* Debug */ = {
			isa = XCBuildConfiguration;
			buildSettings = {
				ASSETCATALOG_COMPILER_APPICON_NAME = AppIcon;
				ASSETCATALOG_COMPILER_GLOBAL_ACCENT_COLOR_NAME = AccentColor;
				CODE_SIGN_STYLE = Automatic;
				CURRENT_PROJECT_VERSION = 1;
				DEVELOPMENT_ASSET_PATHS = "\"NearChat/Preview Content\"";
				DEVELOPMENT_TEAM = 646KSFTWK6;
				ENABLE_PREVIEWS = YES;
				GENERATE_INFOPLIST_FILE = YES;
				INFOPLIST_KEY_UIApplicationSceneManifest_Generation = YES;
				INFOPLIST_KEY_UIApplicationSupportsIndirectInputEvents = YES;
				INFOPLIST_KEY_UILaunchScreen_Generation = YES;
				INFOPLIST_KEY_UISupportedInterfaceOrientations_iPad = "UIInterfaceOrientationPortrait UIInterfaceOrientationPortraitUpsideDown UIInterfaceOrientationLandscapeLeft UIInterfaceOrientationLandscapeRight";
				INFOPLIST_KEY_UISupportedInterfaceOrientations_iPhone = "UIInterfaceOrientationPortrait UIInterfaceOrientationLandscapeLeft UIInterfaceOrientationLandscapeRight";
				LD_RUNPATH_SEARCH_PATHS = (
					"$(inherited)",
					"@executable_path/Frameworks",
				);
				MARKETING_VERSION = 1.0;
				PRODUCT_BUNDLE_IDENTIFIER = dogymem.NearChat;
				PRODUCT_NAME = "$(TARGET_NAME)";
				SWIFT_EMIT_LOC_STRINGS = YES;
				SWIFT_VERSION = 5.0;
				TARGETED_DEVICE_FAMILY = "1,2";
			};
			name = Debug;
		};
		9C4F4D062E96EEDE0022909C /* Release */ = {
			isa = XCBuildConfiguration;
			buildSettings = {
				ASSETCATALOG_COMPILER_APPICON_NAME = AppIcon;
				ASSETCATALOG_COMPILER_GLOBAL_ACCENT_COLOR_NAME = AccentColor;
				CODE_SIGN_STYLE = Automatic;
				CURRENT_PROJECT_VERSION = 1;
				DEVELOPMENT_ASSET_PATHS = "\"NearChat/Preview Content\"";
				DEVELOPMENT_TEAM = 646KSFTWK6;
				ENABLE_PREVIEWS = YES;
				GENERATE_INFOPLIST_FILE = YES;
				INFOPLIST_KEY_UIApplicationSceneManifest_Generation = YES;
				INFOPLIST_KEY_UIApplicationSupportsIndirectInputEvents = YES;
				INFOPLIST_KEY_UILaunchScreen_Generation = YES;
				INFOPLIST_KEY_UISupportedInterfaceOrientations_iPad = "UIInterfaceOrientationPortrait UIInterfaceOrientationPortraitUpsideDown UIInterfaceOrientationLandscapeLeft UIInterfaceOrientationLandscapeRight";
				INFOPLIST_KEY_UISupportedInterfaceOrientations_iPhone = "UIInterfaceOrientationPortrait UIInterfaceOrientationLandscapeLeft UIInterfaceOrientationLandscapeRight";
				LD_RUNPATH_SEARCH_PATHS = (
					"$(inherited)",
					"@executable_path/Frameworks",
				);
				MARKETING_VERSION = 1.0;
				PRODUCT_BUNDLE_IDENTIFIER = dogymem.NearChat;
				PRODUCT_NAME = "$(TARGET_NAME)";
				SWIFT_EMIT_LOC_STRINGS = YES;
				SWIFT_VERSION = 5.0;
				TARGETED_DEVICE_FAMILY = "1,2";
			};
			name = Release;
		};
		9C4F4D082E96EEDE0022909C /* Debug */ = {
			isa = XCBuildConfiguration;
			buildSettings = {
				ALWAYS_EMBED_SWIFT_STANDARD_LIBRARIES = YES;
				BUNDLE_LOADER = "$(TEST_HOST)";
				CODE_SIGN_STYLE = Automatic;
				CURRENT_PROJECT_VERSION = 1;
				GENERATE_INFOPLIST_FILE = YES;
				IPHONEOS_DEPLOYMENT_TARGET = 17.2;
				MARKETING_VERSION = 1.0;
				PRODUCT_BUNDLE_IDENTIFIER = dogymem.NearChatTests;
				PRODUCT_NAME = "$(TARGET_NAME)";
				SWIFT_EMIT_LOC_STRINGS = NO;
				SWIFT_VERSION = 5.0;
				TARGETED_DEVICE_FAMILY = "1,2";
				TEST_HOST = "$(BUILT_PRODUCTS_DIR)/NearChat.app/$(BUNDLE_EXECUTABLE_FOLDER_PATH)/NearChat";
			};
			name = Debug;
		};
		9C4F4D092E96EEDE0022909C /* Release */ = {
			isa = XCBuildConfiguration;
			buildSettings = {
				ALWAYS_EMBED_SWIFT_STANDARD_LIBRARIES = YES;
				BUNDLE_LOADER = "$(TEST_HOST)";
				CODE_SIGN_STYLE = Automatic;
				CURRENT_PROJECT_VERSION = 1;
				GENERATE_INFOPLIST_FILE = YES;
				IPHONEOS_DEPLOYMENT_TARGET = 17.2;
				MARKETING_VERSION = 1.0;
				PRODUCT_BUNDLE_IDENTIFIER = dogymem.NearChatTests;
				PRODUCT_NAME = "$(TARGET_NAME)";
				SWIFT_EMIT_LOC_STRINGS = NO;
				SWIFT_VERSION = 5.0;
				TARGETED_DEVICE_FAMILY = "1,2";
				TEST_HOST = "$(BUILT_PRODUCTS_DIR)/NearChat.app/$(BUNDLE_EXECUTABLE_FOLDER_PATH)/NearChat";
			};
			name = Release;
		};
		9C4F4D0B2E96EEDE0022909C /* Debug */ = {
			isa = XCBuildConfiguration;
			buildSettings = {
				ALWAYS_EMBED_SWIFT_STANDARD_LIBRARIES = YES;
				CODE_SIGN_STYLE = Automatic;
				CURRENT_PROJECT_VERSION = 1;
				GENERATE_INFOPLIST_FILE = YES;
				MARKETING_VERSION = 1.0;
				PRODUCT_BUNDLE_IDENTIFIER = dogymem.NearChatUITests;
				PRODUCT_NAME = "$(TARGET_NAME)";
				SWIFT_EMIT_LOC_STRINGS = NO;
				SWIFT_VERSION = 5.0;
				TARGETED_DEVICE_FAMILY = "1,2";
				TEST_TARGET_NAME = NearChat;
			};
			name = Debug;
		};
		9C4F4D0C2E96EEDE0022909C /* Release */ = {
			isa = XCBuildConfiguration;
			buildSettings = {
				ALWAYS_EMBED_SWIFT_STANDARD_LIBRARIES = YES;
				CODE_SIGN_STYLE = Automatic;
				CURRENT_PROJECT_VERSION = 1;
				GENERATE_INFOPLIST_FILE = YES;
				MARKETING_VERSION = 1.0;
				PRODUCT_BUNDLE_IDENTIFIER = dogymem.NearChatUITests;
				PRODUCT_NAME = "$(TARGET_NAME)";
				SWIFT_EMIT_LOC_STRINGS = NO;
				SWIFT_VERSION = 5.0;
				TARGETED_DEVICE_FAMILY = "1,2";
				TEST_TARGET_NAME = NearChat;
			};
			name = Release;
		};
/* End XCBuildConfiguration section */

/* Begin XCConfigurationList section */
		9C4F4CDB2E96EEDB0022909C /* Build configuration list for PBXProject "NearChat" */ = {
			isa = XCConfigurationList;
			buildConfigurations = (
				9C4F4D022E96EEDE0022909C /* Debug */,
				9C4F4D032E96EEDE0022909C /* Release */,
			);
			defaultConfigurationIsVisible = 0;
			defaultConfigurationName = Release;
		};
		9C4F4D042E96EEDE0022909C /* Build configuration list for PBXNativeTarget "NearChat" */ = {
			isa = XCConfigurationList;
			buildConfigurations = (
				9C4F4D052E96EEDE0022909C /* Debug */,
				9C4F4D062E96EEDE0022909C /* Release */,
			);
			defaultConfigurationIsVisible = 0;
			defaultConfigurationName = Release;
		};
		9C4F4D072E96EEDE0022909C /* Build configuration list for PBXNativeTarget "NearChatTests" */ = {
			isa = XCConfigurationList;
			buildConfigurations = (
				9C4F4D082E96EEDE0022909C /* Debug */,
				9C4F4D092E96EEDE0022909C /* Release */,
			);
			defaultConfigurationIsVisible = 0;
			defaultConfigurationName = Release;
		};
		9C4F4D0A2E96EEDE0022909C /* Build configuration list for PBXNativeTarget "NearChatUITests" */ = {
			isa = XCConfigurationList;
			buildConfigurations = (
				9C4F4D0B2E96EEDE0022909C /* Debug */,
				9C4F4D0C2E96EEDE0022909C /* Release */,
			);
			defaultConfigurationIsVisible = 0;
			defaultConfigurationName = Release;
		};
/* End XCConfigurationList section */
	};
	rootObject = 9C4F4CD82E96EEDB0022909C /* Project object */;
}
